# THIS IS AN AUTOGENERATED FILE. DO NOT EDIT THIS FILE DIRECTLY.
# yarn lockfile v1


"@types/node@^14.0.18":
  version "14.0.18"
  resolved "https://registry.npm.taobao.org/@types/node/download/@types/node-14.0.18.tgz?cache=0&sync_timestamp=1594074338196&other_urls=https%3A%2F%2Fregistry.npm.taobao.org%2F%40types%2Fnode%2Fdownload%2F%40types%2Fnode-14.0.18.tgz#5111b2285659442f9f95697386a2b42b875bd7e9"
  integrity sha1-URGyKFZZRC+flWlzhqK0K4db1+k=

ansi-colors@^4.1.1:
  version "4.1.1"
  resolved "https://registry.npm.taobao.org/ansi-colors/download/ansi-colors-4.1.1.tgz#cbb9ae256bf750af1eab344f229aa27fe94ba348"
  integrity sha1-y7muJWv3UK8eqzRPIpqif+lLo0g=

commander@^5.1.0:
  version "5.1.0"
  resolved "https://registry.npm.taobao.org/commander/download/commander-5.1.0.tgz?cache=0&sync_timestamp=1592632062169&other_urls=https%3A%2F%2Fregistry.npm.taobao.org%2Fcommander%2Fdownload%2Fcommander-5.1.0.tgz#46abbd1652f8e059bddaef99bbdcb2ad9cf179ae"
  integrity sha1-Rqu9FlL44Fm92u+Zu9yyrZzxea4=

enquirer@^2.3.6:
  version "2.3.6"
  resolved "https://registry.npm.taobao.org/enquirer/download/enquirer-2.3.6.tgz?cache=0&sync_timestamp=1593693247610&other_urls=https%3A%2F%2Fregistry.npm.taobao.org%2Fenquirer%2Fdownload%2Fenquirer-2.3.6.tgz#2a7fe5dd634a1e4125a975ec994ff5456dc3734d"
  integrity sha1-Kn/l3WNKHkElqXXsmU/1RW3Dc00=
  dependencies:
    ansi-colors "^4.1.1"

module-alias@^2.2.2:
  version "2.2.2"
  resolved "https://registry.npm.taobao.org/module-alias/download/module-alias-2.2.2.tgz#151cdcecc24e25739ff0aa6e51e1c5716974c0e0"
  integrity sha1-FRzc7MJOJXOf8KpuUeHFcWl0wOA=

typescript@^3.9.6:
  version "3.9.6"
  resolved "https://registry.npm.taobao.org/typescript/download/typescript-3.9.6.tgz?cache=0&sync_timestamp=1593845292896&other_urls=https%3A%2F%2Fregistry.npm.taobao.org%2Ftypescript%2Fdownload%2Ftypescript-3.9.6.tgz#8f3e0198a34c3ae17091b35571d3afd31999365a"
  integrity sha1-jz4BmKNMOuFwkbNVcdOv0xmZNlo=
